Microsoft Visual Studio Solution File, Format Version 12.00
# Visual Studio Version 17
VisualStudioVersion = 17.5.2.0
MinimumVisualStudioVersion = 10.0.40219.1
Project("{FAE04EC0-301F-11D3-BF4B-00C04F79EFBC}") = "geohunt", "geohunt\geohunt.csproj", "{8BF429FA-29E9-7FFA-138A-91A1DE27BADA}"
EndProject
Global
	GlobalSection(SolutionConfigurationPlatforms) = preSolution
		Debug|Any CPU = Debug|Any CPU
		Release|Any CPU = Release|Any CPU
	EndGlobalSection
	GlobalSection(ProjectConfigurationPlatforms) = postSolution
		{8BF429FA-29E9-7FFA-138A-91A1DE27BADA}.Debug|Any CPU.ActiveCfg = Debug|Any CPU
		{8BF429FA-29E9-7FFA-138A-91A1DE27BADA}.Debug|Any CPU.Build.0 = Debug|Any CPU
		{8BF429FA-29E9-7FFA-138A-91A1DE27BADA}.Release|Any CPU.ActiveCfg = Release|Any CPU
		{8BF429FA-29E9-7FFA-138A-91A1DE27BADA}.Release|Any CPU.Build.0 = Release|Any CPU
	EndGlobalSection
	GlobalSection(SolutionProperties) = preSolution
		HideSolutionNode = FALSE
	EndGlobalSection
	GlobalSection(ExtensibilityGlobals) = postSolution
		SolutionGuid = {83DDF466-75C8-425F-90CE-F3E37B032825}
	EndGlobalSection
EndGlobal
